
Microsoft Visual Studio Solution File, Format Version 12.00
# Visual Studio Version 17
VisualStudioVersion = 17.8.34408.163
MinimumVisualStudioVersion = 10.0.40219.1
Project("{FAE04EC0-301F-11D3-BF4B-00C04F79EFBC}") = "Mission5_RasbandHobby", "Mission5_RasbandHobby\Mission5_RasbandHobby.csproj", "{5CE1F806-7428-44D8-AFA2-4AD2BC82C229}"
EndProject
Global
	GlobalSection(SolutionConfigurationPlatforms) = preSolution
		Debug|Any CPU = Debug|Any CPU
		Release|Any CPU = Release|Any CPU
	EndGlobalSection
	GlobalSection(ProjectConfigurationPlatforms) = postSolution
		{5CE1F806-7428-44D8-AFA2-4AD2BC82C229}.Debug|Any CPU.ActiveCfg = Debug|Any CPU
		{5CE1F806-7428-44D8-AFA2-4AD2BC82C229}.Debug|Any CPU.Build.0 = Debug|Any CPU
		{5CE1F806-7428-44D8-AFA2-4AD2BC82C229}.Release|Any CPU.ActiveCfg = Release|Any CPU
		{5CE1F806-7428-44D8-AFA2-4AD2BC82C229}.Release|Any CPU.Build.0 = Release|Any CPU
	EndGlobalSection
	GlobalSection(SolutionProperties) = preSolution
		HideSolutionNode = FALSE
	EndGlobalSection
	GlobalSection(ExtensibilityGlobals) = postSolution
		SolutionGuid = {86428362-7798-4635-9D57-0809625ED764}
	EndGlobalSection
EndGlobal
